// !$*UTF8*$!
{
	archiveVersion = 1;
	classes = {
	};
	objectVersion = 56;
	objects = {

/* Begin PBXBuildFile section */
		7A1025CE2ADAD101007F88A2 /* WebServiceApp.swift in Sources */ = {isa = PBXBuildFile; fileRef = 7A1025CD2ADAD101007F88A2 /* WebServiceApp.swift */; };
		7A1025D02ADAD101007F88A2 /* ContentView.swift in Sources */ = {isa = PBXBuildFile; fileRef = 7A1025CF2ADAD101007F88A2 /* ContentView.swift */; };
		7A1025D22ADAD103007F88A2 /* Assets.xcassets in Resources */ = {isa = PBXBuildFile; fileRef = 7A1025D12ADAD103007F88A2 /* Assets.xcassets */; };
		7A1025D52ADAD103007F88A2 /* Preview Assets.xcassets in Resources */ = {isa = PBXBuildFile; fileRef = 7A1025D42ADAD103007F88A2 /* Preview Assets.xcassets */; };
		7A1025DC2ADAD157007F88A2 /* CRUDCevap.swift in Sources */ = {isa = PBXBuildFile; fileRef = 7A1025DB2ADAD157007F88A2 /* CRUDCevap.swift */; };
		7A1025DE2ADAD24F007F88A2 /* Kisiler.swift in Sources */ = {isa = PBXBuildFile; fileRef = 7A1025DD2ADAD24F007F88A2 /* Kisiler.swift */; };
		7A1025E02ADAD2AF007F88A2 /* KisilerCevap.swift in Sources */ = {isa = PBXBuildFile; fileRef = 7A1025DF2ADAD2AF007F88A2 /* KisilerCevap.swift */; };
		7A1025E22ADAD319007F88A2 /* Kategoriler.swift in Sources */ = {isa = PBXBuildFile; fileRef = 7A1025E12ADAD319007F88A2 /* Kategoriler.swift */; };
		7A1025E42ADAD341007F88A2 /* KategorilerCevap.swift in Sources */ = {isa = PBXBuildFile; fileRef = 7A1025E32ADAD341007F88A2 /* KategorilerCevap.swift */; };
		7A1025E62ADAD41C007F88A2 /* Yonetmenler.swift in Sources */ = {isa = PBXBuildFile; fileRef = 7A1025E52ADAD41C007F88A2 /* Yonetmenler.swift */; };
		7A1025E82ADAD4E6007F88A2 /* Filmler.swift in Sources */ = {isa = PBXBuildFile; fileRef = 7A1025E72ADAD4E6007F88A2 /* Filmler.swift */; };
		7A1025EA2ADAD608007F88A2 /* FilmlerCevap.swift in Sources */ = {isa = PBXBuildFile; fileRef = 7A1025E92ADAD608007F88A2 /* FilmlerCevap.swift */; };
		7A1025ED2ADAD75F007F88A2 /* KisilerDao.swift in Sources */ = {isa = PBXBuildFile; fileRef = 7A1025EC2ADAD75F007F88A2 /* KisilerDao.swift */; };
		7A1025EF2ADAE15E007F88A2 /* KategorilerDao.swift in Sources */ = {isa = PBXBuildFile; fileRef = 7A1025EE2ADAE15E007F88A2 /* KategorilerDao.swift */; };
/* End PBXBuildFile section */

/* Begin PBXFileReference section */
		7A1025CA2ADAD101007F88A2 /* WebService.app */ = {isa = PBXFileReference; explicitFileType = wrapper.application; includeInIndex = 0; path = WebService.app; sourceTree = BUILT_PRODUCTS_DIR; };
		7A1025CD2ADAD101007F88A2 /* WebServiceApp.swift */ = {isa = PBXFileReference; lastKnownFileType = sourcecode.swift; path = WebServiceApp.swift; sourceTree = "<group>"; };
		7A1025CF2ADAD101007F88A2 /* ContentView.swift */ = {isa = PBXFileReference; lastKnownFileType = sourcecode.swift; path = ContentView.swift; sourceTree = "<group>"; };
		7A1025D12ADAD103007F88A2 /* Assets.xcassets */ = {isa = PBXFileReference; lastKnownFileType = folder.assetcatalog; path = Assets.xcassets; sourceTree = "<group>"; };
		7A1025D42ADAD103007F88A2 /* Preview Assets.xcassets */ = {isa = PBXFileReference; lastKnownFileType = folder.assetcatalog; path = "Preview Assets.xcassets"; sourceTree = "<group>"; };
		7A1025DB2ADAD157007F88A2 /* CRUDCevap.swift */ = {isa = PBXFileReference; lastKnownFileType = sourcecode.swift; path = CRUDCevap.swift; sourceTree = "<group>"; };
		7A1025DD2ADAD24F007F88A2 /* Kisiler.swift */ = {isa = PBXFileReference; lastKnownFileType = sourcecode.swift; path = Kisiler.swift; sourceTree = "<group>"; };
		7A1025DF2ADAD2AF007F88A2 /* KisilerCevap.swift */ = {isa = PBXFileReference; lastKnownFileType = sourcecode.swift; path = KisilerCevap.swift; sourceTree = "<group>"; };
		7A1025E12ADAD319007F88A2 /* Kategoriler.swift */ = {isa = PBXFileReference; lastKnownFileType = sourcecode.swift; path = Kategoriler.swift; sourceTree = "<group>"; };
		7A1025E32ADAD341007F88A2 /* KategorilerCevap.swift */ = {isa = PBXFileReference; lastKnownFileType = sourcecode.swift; path = KategorilerCevap.swift; sourceTree = "<group>"; };
		7A1025E52ADAD41C007F88A2 /* Yonetmenler.swift */ = {isa = PBXFileReference; lastKnownFileType = sourcecode.swift; path = Yonetmenler.swift; sourceTree = "<group>"; };
		7A1025E72ADAD4E6007F88A2 /* Filmler.swift */ = {isa = PBXFileReference; lastKnownFileType = sourcecode.swift; path = Filmler.swift; sourceTree = "<group>"; };
		7A1025E92ADAD608007F88A2 /* FilmlerCevap.swift */ = {isa = PBXFileReference; lastKnownFileType = sourcecode.swift; path = FilmlerCevap.swift; sourceTree = "<group>"; };
		7A1025EB2ADAD682007F88A2 /* Info.plist */ = {isa = PBXFileReference; lastKnownFileType = text.plist; path = Info.plist; sourceTree = "<group>"; };
		7A1025EC2ADAD75F007F88A2 /* KisilerDao.swift */ = {isa = PBXFileReference; lastKnownFileType = sourcecode.swift; path = KisilerDao.swift; sourceTree = "<group>"; };
		7A1025EE2ADAE15E007F88A2 /* KategorilerDao.swift */ = {isa = PBXFileReference; lastKnownFileType = sourcecode.swift; path = KategorilerDao.swift; sourceTree = "<group>"; };
/* End PBXFileReference section */

/* Begin PBXFrameworksBuildPhase section */
		7A1025C72ADAD101007F88A2 /* Frameworks */ = {
			isa = PBXFrameworksBuildPhase;
			buildActionMask = 2147483647;
			files = (
			);
			runOnlyForDeploymentPostprocessing = 0;
		};
/* End PBXFrameworksBuildPhase section */

/* Begin PBXGroup section */
		7A1025C12ADAD101007F88A2 = {
			isa = PBXGroup;
			children = (
				7A1025CC2ADAD101007F88A2 /* WebService */,
				7A1025CB2ADAD101007F88A2 /* Products */,
			);
			sourceTree = "<group>";
		};
		7A1025CB2ADAD101007F88A2 /* Products */ = {
			isa = PBXGroup;
			children = (
				7A1025CA2ADAD101007F88A2 /* WebService.app */,
			);
			name = Products;
			sourceTree = "<group>";
		};
		7A1025CC2ADAD101007F88A2 /* WebService */ = {
			isa = PBXGroup;
			children = (
				7A1025EB2ADAD682007F88A2 /* Info.plist */,
				7A1025CD2ADAD101007F88A2 /* WebServiceApp.swift */,
				7A1025CF2ADAD101007F88A2 /* ContentView.swift */,
				7A1025DD2ADAD24F007F88A2 /* Kisiler.swift */,
				7A1025DF2ADAD2AF007F88A2 /* KisilerCevap.swift */,
				7A1025E12ADAD319007F88A2 /* Kategoriler.swift */,
				7A1025E32ADAD341007F88A2 /* KategorilerCevap.swift */,
				7A1025DB2ADAD157007F88A2 /* CRUDCevap.swift */,
				7A1025E52ADAD41C007F88A2 /* Yonetmenler.swift */,
				7A1025E72ADAD4E6007F88A2 /* Filmler.swift */,
				7A1025E92ADAD608007F88A2 /* FilmlerCevap.swift */,
				7A1025EC2ADAD75F007F88A2 /* KisilerDao.swift */,
				7A1025EE2ADAE15E007F88A2 /* KategorilerDao.swift */,
				7A1025D12ADAD103007F88A2 /* Assets.xcassets */,
				7A1025D32ADAD103007F88A2 /* Preview Content */,
			);
			path = WebService;
			sourceTree = "<group>";
		};
		7A1025D32ADAD103007F88A2 /* Preview Content */ = {
			isa = PBXGroup;
			children = (
				7A1025D42ADAD103007F88A2 /* Preview Assets.xcassets */,
			);
			path = "Preview Content";
			sourceTree = "<group>";
		};
/* End PBXGroup section */

/* Begin PBXNativeTarget section */
		7A1025C92ADAD101007F88A2 /* WebService */ = {
			isa = PBXNativeTarget;
			buildConfigurationList = 7A1025D82ADAD103007F88A2 /* Build configuration list for PBXNativeTarget "WebService" */;
			buildPhases = (
				7A1025C62ADAD101007F88A2 /* Sources */,
				7A1025C72ADAD101007F88A2 /* Frameworks */,
				7A1025C82ADAD101007F88A2 /* Resources */,
			);
			buildRules = (
			);
			dependencies = (
			);
			name = WebService;
			productName = WebService;
			productReference = 7A1025CA2ADAD101007F88A2 /* WebService.app */;
			productType = "com.apple.product-type.application";
		};
/* End PBXNativeTarget section */

/* Begin PBXProject section */
		7A1025C22ADAD101007F88A2 /* Project object */ = {
			isa = PBXProject;
			attributes = {
				BuildIndependentTargetsInParallel = 1;
				LastSwiftUpdateCheck = 1500;
				LastUpgradeCheck = 1500;
				TargetAttributes = {
					7A1025C92ADAD101007F88A2 = {
						CreatedOnToolsVersion = 15.0;
					};
				};
			};
			buildConfigurationList = 7A1025C52ADAD101007F88A2 /* Build configuration list for PBXProject "WebService" */;
			compatibilityVersion = "Xcode 14.0";
			developmentRegion = en;
			hasScannedForEncodings = 0;
			knownRegions = (
				en,
				Base,
			);
			mainGroup = 7A1025C12ADAD101007F88A2;
			productRefGroup = 7A1025CB2ADAD101007F88A2 /* Products */;
			projectDirPath = "";
			projectRoot = "";
			targets = (
				7A1025C92ADAD101007F88A2 /* WebService */,
			);
		};
/* End PBXProject section */

/* Begin PBXResourcesBuildPhase section */
		7A1025C82ADAD101007F88A2 /* Resources */ = {
			isa = PBXResourcesBuildPhase;
			buildActionMask = 2147483647;
			files = (
				7A1025D52ADAD103007F88A2 /* Preview Assets.xcassets in Resources */,
				7A1025D22ADAD103007F88A2 /* Assets.xcassets in Resources */,
			);
			runOnlyForDeploymentPostprocessing = 0;
		};
/* End PBXResourcesBuildPhase section */

/* Begin PBXSourcesBuildPhase section */
		7A1025C62ADAD101007F88A2 /* Sources */ = {
			isa = PBXSourcesBuildPhase;
			buildActionMask = 2147483647;
			files = (
				7A1025EF2ADAE15E007F88A2 /* KategorilerDao.swift in Sources */,
				7A1025ED2ADAD75F007F88A2 /* KisilerDao.swift in Sources */,
				7A1025E42ADAD341007F88A2 /* KategorilerCevap.swift in Sources */,
				7A1025D02ADAD101007F88A2 /* ContentView.swift in Sources */,
				7A1025DC2ADAD157007F88A2 /* CRUDCevap.swift in Sources */,
				7A1025CE2ADAD101007F88A2 /* WebServiceApp.swift in Sources */,
				7A1025E22ADAD319007F88A2 /* Kategoriler.swift in Sources */,
				7A1025E82ADAD4E6007F88A2 /* Filmler.swift in Sources */,
				7A1025E02ADAD2AF007F88A2 /* KisilerCevap.swift in Sources */,
				7A1025E62ADAD41C007F88A2 /* Yonetmenler.swift in Sources */,
				7A1025DE2ADAD24F007F88A2 /* Kisiler.swift in Sources */,
				7A1025EA2ADAD608007F88A2 /* FilmlerCevap.swift in Sources */,
			);
			runOnlyForDeploymentPostprocessing = 0;
		};
/* End PBXSourcesBuildPhase section */

/* Begin XCBuildConfiguration section */
		7A1025D62ADAD103007F88A2 /* Debug */ = {
			isa = XCBuildConfiguration;
			buildSettings = {
				ALWAYS_SEARCH_USER_PATHS = NO;
				ASSETCATALOG_COMPILER_GENERATE_SWIFT_ASSET_SYMBOL_EXTENSIONS = YES;
				CLANG_ANALYZER_NONNULL = YES;
				CLANG_ANALYZER_NUMBER_OBJECT_CONVERSION = YES_AGGRESSIVE;
				CLANG_CXX_LANGUAGE_STANDARD = "gnu++20";
				CLANG_ENABLE_MODULES = YES;
				CLANG_ENABLE_OBJC_ARC = YES;
				CLANG_ENABLE_OBJC_WEAK = YES;
				CLANG_WARN_BLOCK_CAPTURE_AUTORELEASING = YES;
				CLANG_WARN_BOOL_CONVERSION = YES;
				CLANG_WARN_COMMA = YES;
				CLANG_WARN_CONSTANT_CONVERSION = YES;
				CLANG_WARN_DEPRECATED_OBJC_IMPLEMENTATIONS = YES;
				CLANG_WARN_DIRECT_OBJC_ISA_USAGE = YES_ERROR;
				CLANG_WARN_DOCUMENTATION_COMMENTS = YES;
				CLANG_WARN_EMPTY_BODY = YES;
				CLANG_WARN_ENUM_CONVERSION = YES;
				CLANG_WARN_INFINITE_RECURSION = YES;
				CLANG_WARN_INT_CONVERSION = YES;
				CLANG_WARN_NON_LITERAL_NULL_CONVERSION = YES;
				CLANG_WARN_OBJC_IMPLICIT_RETAIN_SELF = YES;
				CLANG_WARN_OBJC_LITERAL_CONVERSION = YES;
				CLANG_WARN_OBJC_ROOT_CLASS = YES_ERROR;
				CLANG_WARN_QUOTED_INCLUDE_IN_FRAMEWORK_HEADER = YES;
				CLANG_WARN_RANGE_LOOP_ANALYSIS = YES;
				CLANG_WARN_STRICT_PROTOTYPES = YES;
				CLANG_WARN_SUSPICIOUS_MOVE = YES;
				CLANG_WARN_UNGUARDED_AVAILABILITY = YES_AGGRESSIVE;
				CLANG_WARN_UNREACHABLE_CODE = YES;
				CLANG_WARN__DUPLICATE_METHOD_MATCH = YES;
				COPY_PHASE_STRIP = NO;
				DEBUG_INFORMATION_FORMAT = dwarf;
				ENABLE_STRICT_OBJC_MSGSEND = YES;
				ENABLE_TESTABILITY = YES;
				ENABLE_USER_SCRIPT_SANDBOXING = YES;
				GCC_C_LANGUAGE_STANDARD = gnu17;
				GCC_DYNAMIC_NO_PIC = NO;
				GCC_NO_COMMON_BLOCKS = YES;
				GCC_OPTIMIZATION_LEVEL = 0;
				GCC_PREPROCESSOR_DEFINITIONS = (
					"DEBUG=1",
					"$(inherited)",
				);
				GCC_WARN_64_TO_32_BIT_CONVERSION = YES;
				GCC_WARN_ABOUT_RETURN_TYPE = YES_ERROR;
				GCC_WARN_UNDECLARED_SELECTOR = YES;
				GCC_WARN_UNINITIALIZED_AUTOS = YES_AGGRESSIVE;
				GCC_WARN_UNUSED_FUNCTION = YES;
				GCC_WARN_UNUSED_VARIABLE = YES;
				IPHONEOS_DEPLOYMENT_TARGET = 17.0;
				LOCALIZATION_PREFERS_STRING_CATALOGS = YES;
				MTL_ENABLE_DEBUG_INFO = INCLUDE_SOURCE;
				MTL_FAST_MATH = YES;
				ONLY_ACTIVE_ARCH = YES;
				SDKROOT = iphoneos;
				SWIFT_ACTIVE_COMPILATION_CONDITIONS = "DEBUG $(inherited)";
				SWIFT_OPTIMIZATION_LEVEL = "-Onone";
			};
			name = Debug;
		};
		7A1025D72ADAD103007F88A2 /* Release */ = {
			isa = XCBuildConfiguration;
			buildSettings = {
				ALWAYS_SEARCH_USER_PATHS = NO;
				ASSETCATALOG_COMPILER_GENERATE_SWIFT_ASSET_SYMBOL_EXTENSIONS = YES;
				CLANG_ANALYZER_NONNULL = YES;
				CLANG_ANALYZER_NUMBER_OBJECT_CONVERSION = YES_AGGRESSIVE;
				CLANG_CXX_LANGUAGE_STANDARD = "gnu++20";
				CLANG_ENABLE_MODULES = YES;
				CLANG_ENABLE_OBJC_ARC = YES;
				CLANG_ENABLE_OBJC_WEAK = YES;
				CLANG_WARN_BLOCK_CAPTURE_AUTORELEASING = YES;
				CLANG_WARN_BOOL_CONVERSION = YES;
				CLANG_WARN_COMMA = YES;
				CLANG_WARN_CONSTANT_CONVERSION = YES;
				CLANG_WARN_DEPRECATED_OBJC_IMPLEMENTATIONS = YES;
				CLANG_WARN_DIRECT_OBJC_ISA_USAGE = YES_ERROR;
				CLANG_WARN_DOCUMENTATION_COMMENTS = YES;
				CLANG_WARN_EMPTY_BODY = YES;
				CLANG_WARN_ENUM_CONVERSION = YES;
				CLANG_WARN_INFINITE_RECURSION = YES;
				CLANG_WARN_INT_CONVERSION = YES;
				CLANG_WARN_NON_LITERAL_NULL_CONVERSION = YES;
				CLANG_WARN_OBJC_IMPLICIT_RETAIN_SELF = YES;
				CLANG_WARN_OBJC_LITERAL_CONVERSION = YES;
				CLANG_WARN_OBJC_ROOT_CLASS = YES_ERROR;
				CLANG_WARN_QUOTED_INCLUDE_IN_FRAMEWORK_HEADER = YES;
				CLANG_WARN_RANGE_LOOP_ANALYSIS = YES;
				CLANG_WARN_STRICT_PROTOTYPES = YES;
				CLANG_WARN_SUSPICIOUS_MOVE = YES;
				CLANG_WARN_UNGUARDED_AVAILABILITY = YES_AGGRESSIVE;
				CLANG_WARN_UNREACHABLE_CODE = YES;
				CLANG_WARN__DUPLICATE_METHOD_MATCH = YES;
				COPY_PHASE_STRIP = NO;
				DEBUG_INFORMATION_FORMAT = "dwarf-with-dsym";
				ENABLE_NS_ASSERTIONS = NO;
				ENABLE_STRICT_OBJC_MSGSEND = YES;
				ENABLE_USER_SCRIPT_SANDBOXING = YES;
				GCC_C_LANGUAGE_STANDARD = gnu17;
				GCC_NO_COMMON_BLOCKS = YES;
				GCC_WARN_64_TO_32_BIT_CONVERSION = YES;
				GCC_WARN_ABOUT_RETURN_TYPE = YES_ERROR;
				GCC_WARN_UNDECLARED_SELECTOR = YES;
				GCC_WARN_UNINITIALIZED_AUTOS = YES_AGGRESSIVE;
				GCC_WARN_UNUSED_FUNCTION = YES;
				GCC_WARN_UNUSED_VARIABLE = YES;
				IPHONEOS_DEPLOYMENT_TARGET = 17.0;
				LOCALIZATION_PREFERS_STRING_CATALOGS = YES;
				MTL_ENABLE_DEBUG_INFO = NO;
				MTL_FAST_MATH = YES;
				SDKROOT = iphoneos;
				SWIFT_COMPILATION_MODE = wholemodule;
				VALIDATE_PRODUCT = YES;
			};
			name = Release;
		};
		7A1025D92ADAD103007F88A2 /* Debug */ = {
			isa = XCBuildConfiguration;
			buildSettings = {
				ASSETCATALOG_COMPILER_APPICON_NAME = AppIcon;
				ASSETCATALOG_COMPILER_GLOBAL_ACCENT_COLOR_NAME = AccentColor;
				CODE_SIGN_STYLE = Automatic;
				CURRENT_PROJECT_VERSION = 1;
				DEVELOPMENT_ASSET_PATHS = "\"WebService/Preview Content\"";
				ENABLE_PREVIEWS = YES;
				GENERATE_INFOPLIST_FILE = YES;
				INFOPLIST_FILE = WebService/Info.plist;
				INFOPLIST_KEY_UIApplicationSceneManifest_Generation = YES;
				INFOPLIST_KEY_UIApplicationSupportsIndirectInputEvents = YES;
				INFOPLIST_KEY_UILaunchScreen_Generation = YES;
				INFOPLIST_KEY_UISupportedInterfaceOrientations_iPad = "UIInterfaceOrientationPortrait UIInterfaceOrientationPortraitUpsideDown UIInterfaceOrientationLandscapeLeft UIInterfaceOrientationLandscapeRight";
				INFOPLIST_KEY_UISupportedInterfaceOrientations_iPhone = "UIInterfaceOrientationPortrait UIInterfaceOrientationLandscapeLeft UIInterfaceOrientationLandscapeRight";
				LD_RUNPATH_SEARCH_PATHS = (
					"$(inherited)",
					"@executable_path/Frameworks",
				);
				MARKETING_VERSION = 1.0;
				PRODUCT_BUNDLE_IDENTIFIER = com.ercelserhat.WebService;
				PRODUCT_NAME = "$(TARGET_NAME)";
				SWIFT_EMIT_LOC_STRINGS = YES;
				SWIFT_VERSION = 5.0;
				TARGETED_DEVICE_FAMILY = "1,2";
			};
			name = Debug;
		};
		7A1025DA2ADAD103007F88A2 /* Release */ = {
			isa = XCBuildConfiguration;
			buildSettings = {
				ASSETCATALOG_COMPILER_APPICON_NAME = AppIcon;
				ASSETCATALOG_COMPILER_GLOBAL_ACCENT_COLOR_NAME = AccentColor;
				CODE_SIGN_STYLE = Automatic;
				CURRENT_PROJECT_VERSION = 1;
				DEVELOPMENT_ASSET_PATHS = "\"WebService/Preview Content\"";
				ENABLE_PREVIEWS = YES;
				GENERATE_INFOPLIST_FILE = YES;
				INFOPLIST_FILE = WebService/Info.plist;
				INFOPLIST_KEY_UIApplicationSceneManifest_Generation = YES;
				INFOPLIST_KEY_UIApplicationSupportsIndirectInputEvents = YES;
				INFOPLIST_KEY_UILaunchScreen_Generation = YES;
				INFOPLIST_KEY_UISupportedInterfaceOrientations_iPad = "UIInterfaceOrientationPortrait UIInterfaceOrientationPortraitUpsideDown UIInterfaceOrientationLandscapeLeft UIInterfaceOrientationLandscapeRight";
				INFOPLIST_KEY_UISupportedInterfaceOrientations_iPhone = "UIInterfaceOrientationPortrait UIInterfaceOrientationLandscapeLeft UIInterfaceOrientationLandscapeRight";
				LD_RUNPATH_SEARCH_PATHS = (
					"$(inherited)",
					"@executable_path/Frameworks",
				);
				MARKETING_VERSION = 1.0;
				PRODUCT_BUNDLE_IDENTIFIER = com.ercelserhat.WebService;
				PRODUCT_NAME = "$(TARGET_NAME)";
				SWIFT_EMIT_LOC_STRINGS = YES;
				SWIFT_VERSION = 5.0;
				TARGETED_DEVICE_FAMILY = "1,2";
			};
			name = Release;
		};
/* End XCBuildConfiguration section */

/* Begin XCConfigurationList section */
		7A1025C52ADAD101007F88A2 /* Build configuration list for PBXProject "WebService" */ = {
			isa = XCConfigurationList;
			buildConfigurations = (
				7A1025D62ADAD103007F88A2 /* Debug */,
				7A1025D72ADAD103007F88A2 /* Release */,
			);
			defaultConfigurationIsVisible = 0;
			defaultConfigurationName = Release;
		};
		7A1025D82ADAD103007F88A2 /* Build configuration list for PBXNativeTarget "WebService" */ = {
			isa = XCConfigurationList;
			buildConfigurations = (
				7A1025D92ADAD103007F88A2 /* Debug */,
				7A1025DA2ADAD103007F88A2 /* Release */,
			);
			defaultConfigurationIsVisible = 0;
			defaultConfigurationName = Release;
		};
/* End XCConfigurationList section */
	};
	rootObject = 7A1025C22ADAD101007F88A2 /* Project object */;
}
