// !$*UTF8*$!
{
	archiveVersion = 1;
	classes = {
	};
	objectVersion = 56;
	objects = {

/* Begin PBXBuildFile section */
		7A721FD92AF6BACA00C35219 /* AppleFrameworksAppApp.swift in Sources */ = {isa = PBXBuildFile; fileRef = 7A721FD82AF6BACA00C35219 /* AppleFrameworksAppApp.swift */; };
		7A721FDB2AF6BACA00C35219 /* FrameworkGridView.swift in Sources */ = {isa = PBXBuildFile; fileRef = 7A721FDA2AF6BACA00C35219 /* FrameworkGridView.swift */; };
		7A721FDD2AF6BACB00C35219 /* Assets.xcassets in Resources */ = {isa = PBXBuildFile; fileRef = 7A721FDC2AF6BACB00C35219 /* Assets.xcassets */; };
		7A721FE02AF6BACB00C35219 /* Preview Assets.xcassets in Resources */ = {isa = PBXBuildFile; fileRef = 7A721FDF2AF6BACB00C35219 /* Preview Assets.xcassets */; };
		7A721FE72AF6BB0300C35219 /* Framework.swift in Sources */ = {isa = PBXBuildFile; fileRef = 7A721FE62AF6BB0300C35219 /* Framework.swift */; };
		7A721FE92AF6BD2500C35219 /* FrameworkDetailView.swift in Sources */ = {isa = PBXBuildFile; fileRef = 7A721FE82AF6BD2500C35219 /* FrameworkDetailView.swift */; };
		7A721FEB2AF6BF4300C35219 /* FrameworkGridViewModel.swift in Sources */ = {isa = PBXBuildFile; fileRef = 7A721FEA2AF6BF4300C35219 /* FrameworkGridViewModel.swift */; };
		7A721FED2AF6C1B700C35219 /* FrameworkTitleView.swift in Sources */ = {isa = PBXBuildFile; fileRef = 7A721FEC2AF6C1B700C35219 /* FrameworkTitleView.swift */; };
		7A721FEF2AF6C1F700C35219 /* XDismissButton.swift in Sources */ = {isa = PBXBuildFile; fileRef = 7A721FEE2AF6C1F700C35219 /* XDismissButton.swift */; };
		7A721FF12AF6C25A00C35219 /* RedButton.swift in Sources */ = {isa = PBXBuildFile; fileRef = 7A721FF02AF6C25A00C35219 /* RedButton.swift */; };
		7A721FF32AF6C2BF00C35219 /* SafariView.swift in Sources */ = {isa = PBXBuildFile; fileRef = 7A721FF22AF6C2BF00C35219 /* SafariView.swift */; };
/* End PBXBuildFile section */

/* Begin PBXFileReference section */
		7A721FD52AF6BACA00C35219 /* AppleFrameworksApp.app */ = {isa = PBXFileReference; explicitFileType = wrapper.application; includeInIndex = 0; path = AppleFrameworksApp.app; sourceTree = BUILT_PRODUCTS_DIR; };
		7A721FD82AF6BACA00C35219 /* AppleFrameworksAppApp.swift */ = {isa = PBXFileReference; lastKnownFileType = sourcecode.swift; path = AppleFrameworksAppApp.swift; sourceTree = "<group>"; };
		7A721FDA2AF6BACA00C35219 /* FrameworkGridView.swift */ = {isa = PBXFileReference; lastKnownFileType = sourcecode.swift; path = FrameworkGridView.swift; sourceTree = "<group>"; };
		7A721FDC2AF6BACB00C35219 /* Assets.xcassets */ = {isa = PBXFileReference; lastKnownFileType = folder.assetcatalog; path = Assets.xcassets; sourceTree = "<group>"; };
		7A721FDF2AF6BACB00C35219 /* Preview Assets.xcassets */ = {isa = PBXFileReference; lastKnownFileType = folder.assetcatalog; path = "Preview Assets.xcassets"; sourceTree = "<group>"; };
		7A721FE62AF6BB0300C35219 /* Framework.swift */ = {isa = PBXFileReference; lastKnownFileType = sourcecode.swift; path = Framework.swift; sourceTree = "<group>"; };
		7A721FE82AF6BD2500C35219 /* FrameworkDetailView.swift */ = {isa = PBXFileReference; lastKnownFileType = sourcecode.swift; path = FrameworkDetailView.swift; sourceTree = "<group>"; };
		7A721FEA2AF6BF4300C35219 /* FrameworkGridViewModel.swift */ = {isa = PBXFileReference; lastKnownFileType = sourcecode.swift; path = FrameworkGridViewModel.swift; sourceTree = "<group>"; };
		7A721FEC2AF6C1B700C35219 /* FrameworkTitleView.swift */ = {isa = PBXFileReference; lastKnownFileType = sourcecode.swift; path = FrameworkTitleView.swift; sourceTree = "<group>"; };
		7A721FEE2AF6C1F700C35219 /* XDismissButton.swift */ = {isa = PBXFileReference; lastKnownFileType = sourcecode.swift; path = XDismissButton.swift; sourceTree = "<group>"; };
		7A721FF02AF6C25A00C35219 /* RedButton.swift */ = {isa = PBXFileReference; lastKnownFileType = sourcecode.swift; path = RedButton.swift; sourceTree = "<group>"; };
		7A721FF22AF6C2BF00C35219 /* SafariView.swift */ = {isa = PBXFileReference; lastKnownFileType = sourcecode.swift; path = SafariView.swift; sourceTree = "<group>"; };
/* End PBXFileReference section */

/* Begin PBXFrameworksBuildPhase section */
		7A721FD22AF6BACA00C35219 /* Frameworks */ = {
			isa = PBXFrameworksBuildPhase;
			buildActionMask = 2147483647;
			files = (
			);
			runOnlyForDeploymentPostprocessing = 0;
		};
/* End PBXFrameworksBuildPhase section */

/* Begin PBXGroup section */
		7A721FCC2AF6BACA00C35219 = {
			isa = PBXGroup;
			children = (
				7A721FD72AF6BACA00C35219 /* AppleFrameworksApp */,
				7A721FD62AF6BACA00C35219 /* Products */,
			);
			sourceTree = "<group>";
		};
		7A721FD62AF6BACA00C35219 /* Products */ = {
			isa = PBXGroup;
			children = (
				7A721FD52AF6BACA00C35219 /* AppleFrameworksApp.app */,
			);
			name = Products;
			sourceTree = "<group>";
		};
		7A721FD72AF6BACA00C35219 /* AppleFrameworksApp */ = {
			isa = PBXGroup;
			children = (
				7A721FFB2AF6C5F600C35219 /* UIKitComponents */,
				7A721FF82AF6C59F00C35219 /* Views */,
				7A721FF52AF6C54600C35219 /* Screens */,
				7A721FF42AF6C53E00C35219 /* Model */,
				7A721FD82AF6BACA00C35219 /* AppleFrameworksAppApp.swift */,
				7A721FDC2AF6BACB00C35219 /* Assets.xcassets */,
				7A721FDE2AF6BACB00C35219 /* Preview Content */,
			);
			path = AppleFrameworksApp;
			sourceTree = "<group>";
		};
		7A721FDE2AF6BACB00C35219 /* Preview Content */ = {
			isa = PBXGroup;
			children = (
				7A721FDF2AF6BACB00C35219 /* Preview Assets.xcassets */,
			);
			path = "Preview Content";
			sourceTree = "<group>";
		};
		7A721FF42AF6C53E00C35219 /* Model */ = {
			isa = PBXGroup;
			children = (
				7A721FE62AF6BB0300C35219 /* Framework.swift */,
			);
			path = Model;
			sourceTree = "<group>";
		};
		7A721FF52AF6C54600C35219 /* Screens */ = {
			isa = PBXGroup;
			children = (
				7A721FF72AF6C56B00C35219 /* FrameworkGridView */,
				7A721FF62AF6C55B00C35219 /* FrameworkDetailView */,
			);
			path = Screens;
			sourceTree = "<group>";
		};
		7A721FF62AF6C55B00C35219 /* FrameworkDetailView */ = {
			isa = PBXGroup;
			children = (
				7A721FE82AF6BD2500C35219 /* FrameworkDetailView.swift */,
			);
			path = FrameworkDetailView;
			sourceTree = "<group>";
		};
		7A721FF72AF6C56B00C35219 /* FrameworkGridView */ = {
			isa = PBXGroup;
			children = (
				7A721FDA2AF6BACA00C35219 /* FrameworkGridView.swift */,
				7A721FEA2AF6BF4300C35219 /* FrameworkGridViewModel.swift */,
			);
			path = FrameworkGridView;
			sourceTree = "<group>";
		};
		7A721FF82AF6C59F00C35219 /* Views */ = {
			isa = PBXGroup;
			children = (
				7A721FFA2AF6C5DB00C35219 /* View */,
				7A721FF92AF6C5AA00C35219 /* Buttons */,
			);
			path = Views;
			sourceTree = "<group>";
		};
		7A721FF92AF6C5AA00C35219 /* Buttons */ = {
			isa = PBXGroup;
			children = (
				7A721FEE2AF6C1F700C35219 /* XDismissButton.swift */,
				7A721FF02AF6C25A00C35219 /* RedButton.swift */,
			);
			path = Buttons;
			sourceTree = "<group>";
		};
		7A721FFA2AF6C5DB00C35219 /* View */ = {
			isa = PBXGroup;
			children = (
				7A721FEC2AF6C1B700C35219 /* FrameworkTitleView.swift */,
			);
			path = View;
			sourceTree = "<group>";
		};
		7A721FFB2AF6C5F600C35219 /* UIKitComponents */ = {
			isa = PBXGroup;
			children = (
				7A721FF22AF6C2BF00C35219 /* SafariView.swift */,
			);
			path = UIKitComponents;
			sourceTree = "<group>";
		};
/* End PBXGroup section */

/* Begin PBXNativeTarget section */
		7A721FD42AF6BACA00C35219 /* AppleFrameworksApp */ = {
			isa = PBXNativeTarget;
			buildConfigurationList = 7A721FE32AF6BACB00C35219 /* Build configuration list for PBXNativeTarget "AppleFrameworksApp" */;
			buildPhases = (
				7A721FD12AF6BACA00C35219 /* Sources */,
				7A721FD22AF6BACA00C35219 /* Frameworks */,
				7A721FD32AF6BACA00C35219 /* Resources */,
			);
			buildRules = (
			);
			dependencies = (
			);
			name = AppleFrameworksApp;
			productName = AppleFrameworksApp;
			productReference = 7A721FD52AF6BACA00C35219 /* AppleFrameworksApp.app */;
			productType = "com.apple.product-type.application";
		};
/* End PBXNativeTarget section */

/* Begin PBXProject section */
		7A721FCD2AF6BACA00C35219 /* Project object */ = {
			isa = PBXProject;
			attributes = {
				BuildIndependentTargetsInParallel = 1;
				LastSwiftUpdateCheck = 1500;
				LastUpgradeCheck = 1500;
				TargetAttributes = {
					7A721FD42AF6BACA00C35219 = {
						CreatedOnToolsVersion = 15.0;
					};
				};
			};
			buildConfigurationList = 7A721FD02AF6BACA00C35219 /* Build configuration list for PBXProject "AppleFrameworksApp" */;
			compatibilityVersion = "Xcode 14.0";
			developmentRegion = en;
			hasScannedForEncodings = 0;
			knownRegions = (
				en,
				Base,
			);
			mainGroup = 7A721FCC2AF6BACA00C35219;
			productRefGroup = 7A721FD62AF6BACA00C35219 /* Products */;
			projectDirPath = "";
			projectRoot = "";
			targets = (
				7A721FD42AF6BACA00C35219 /* AppleFrameworksApp */,
			);
		};
/* End PBXProject section */

/* Begin PBXResourcesBuildPhase section */
		7A721FD32AF6BACA00C35219 /* Resources */ = {
			isa = PBXResourcesBuildPhase;
			buildActionMask = 2147483647;
			files = (
				7A721FE02AF6BACB00C35219 /* Preview Assets.xcassets in Resources */,
				7A721FDD2AF6BACB00C35219 /* Assets.xcassets in Resources */,
			);
			runOnlyForDeploymentPostprocessing = 0;
		};
/* End PBXResourcesBuildPhase section */

/* Begin PBXSourcesBuildPhase section */
		7A721FD12AF6BACA00C35219 /* Sources */ = {
			isa = PBXSourcesBuildPhase;
			buildActionMask = 2147483647;
			files = (
				7A721FE92AF6BD2500C35219 /* FrameworkDetailView.swift in Sources */,
				7A721FF32AF6C2BF00C35219 /* SafariView.swift in Sources */,
				7A721FF12AF6C25A00C35219 /* RedButton.swift in Sources */,
				7A721FDB2AF6BACA00C35219 /* FrameworkGridView.swift in Sources */,
				7A721FE72AF6BB0300C35219 /* Framework.swift in Sources */,
				7A721FD92AF6BACA00C35219 /* AppleFrameworksAppApp.swift in Sources */,
				7A721FED2AF6C1B700C35219 /* FrameworkTitleView.swift in Sources */,
				7A721FEB2AF6BF4300C35219 /* FrameworkGridViewModel.swift in Sources */,
				7A721FEF2AF6C1F700C35219 /* XDismissButton.swift in Sources */,
			);
			runOnlyForDeploymentPostprocessing = 0;
		};
/* End PBXSourcesBuildPhase section */

/* Begin XCBuildConfiguration section */
		7A721FE12AF6BACB00C35219 /* Debug */ = {
			isa = XCBuildConfiguration;
			buildSettings = {
				ALWAYS_SEARCH_USER_PATHS = NO;
				ASSETCATALOG_COMPILER_GENERATE_SWIFT_ASSET_SYMBOL_EXTENSIONS = YES;
				CLANG_ANALYZER_NONNULL = YES;
				CLANG_ANALYZER_NUMBER_OBJECT_CONVERSION = YES_AGGRESSIVE;
				CLANG_CXX_LANGUAGE_STANDARD = "gnu++20";
				CLANG_ENABLE_MODULES = YES;
				CLANG_ENABLE_OBJC_ARC = YES;
				CLANG_ENABLE_OBJC_WEAK = YES;
				CLANG_WARN_BLOCK_CAPTURE_AUTORELEASING = YES;
				CLANG_WARN_BOOL_CONVERSION = YES;
				CLANG_WARN_COMMA = YES;
				CLANG_WARN_CONSTANT_CONVERSION = YES;
				CLANG_WARN_DEPRECATED_OBJC_IMPLEMENTATIONS = YES;
				CLANG_WARN_DIRECT_OBJC_ISA_USAGE = YES_ERROR;
				CLANG_WARN_DOCUMENTATION_COMMENTS = YES;
				CLANG_WARN_EMPTY_BODY = YES;
				CLANG_WARN_ENUM_CONVERSION = YES;
				CLANG_WARN_INFINITE_RECURSION = YES;
				CLANG_WARN_INT_CONVERSION = YES;
				CLANG_WARN_NON_LITERAL_NULL_CONVERSION = YES;
				CLANG_WARN_OBJC_IMPLICIT_RETAIN_SELF = YES;
				CLANG_WARN_OBJC_LITERAL_CONVERSION = YES;
				CLANG_WARN_OBJC_ROOT_CLASS = YES_ERROR;
				CLANG_WARN_QUOTED_INCLUDE_IN_FRAMEWORK_HEADER = YES;
				CLANG_WARN_RANGE_LOOP_ANALYSIS = YES;
				CLANG_WARN_STRICT_PROTOTYPES = YES;
				CLANG_WARN_SUSPICIOUS_MOVE = YES;
				CLANG_WARN_UNGUARDED_AVAILABILITY = YES_AGGRESSIVE;
				CLANG_WARN_UNREACHABLE_CODE = YES;
				CLANG_WARN__DUPLICATE_METHOD_MATCH = YES;
				COPY_PHASE_STRIP = NO;
				DEBUG_INFORMATION_FORMAT = dwarf;
				ENABLE_STRICT_OBJC_MSGSEND = YES;
				ENABLE_TESTABILITY = YES;
				ENABLE_USER_SCRIPT_SANDBOXING = YES;
				GCC_C_LANGUAGE_STANDARD = gnu17;
				GCC_DYNAMIC_NO_PIC = NO;
				GCC_NO_COMMON_BLOCKS = YES;
				GCC_OPTIMIZATION_LEVEL = 0;
				GCC_PREPROCESSOR_DEFINITIONS = (
					"DEBUG=1",
					"$(inherited)",
				);
				GCC_WARN_64_TO_32_BIT_CONVERSION = YES;
				GCC_WARN_ABOUT_RETURN_TYPE = YES_ERROR;
				GCC_WARN_UNDECLARED_SELECTOR = YES;
				GCC_WARN_UNINITIALIZED_AUTOS = YES_AGGRESSIVE;
				GCC_WARN_UNUSED_FUNCTION = YES;
				GCC_WARN_UNUSED_VARIABLE = YES;
				IPHONEOS_DEPLOYMENT_TARGET = 17.0;
				LOCALIZATION_PREFERS_STRING_CATALOGS = YES;
				MTL_ENABLE_DEBUG_INFO = INCLUDE_SOURCE;
				MTL_FAST_MATH = YES;
				ONLY_ACTIVE_ARCH = YES;
				SDKROOT = iphoneos;
				SWIFT_ACTIVE_COMPILATION_CONDITIONS = "DEBUG $(inherited)";
				SWIFT_OPTIMIZATION_LEVEL = "-Onone";
			};
			name = Debug;
		};
		7A721FE22AF6BACB00C35219 /* Release */ = {
			isa = XCBuildConfiguration;
			buildSettings = {
				ALWAYS_SEARCH_USER_PATHS = NO;
				ASSETCATALOG_COMPILER_GENERATE_SWIFT_ASSET_SYMBOL_EXTENSIONS = YES;
				CLANG_ANALYZER_NONNULL = YES;
				CLANG_ANALYZER_NUMBER_OBJECT_CONVERSION = YES_AGGRESSIVE;
				CLANG_CXX_LANGUAGE_STANDARD = "gnu++20";
				CLANG_ENABLE_MODULES = YES;
				CLANG_ENABLE_OBJC_ARC = YES;
				CLANG_ENABLE_OBJC_WEAK = YES;
				CLANG_WARN_BLOCK_CAPTURE_AUTORELEASING = YES;
				CLANG_WARN_BOOL_CONVERSION = YES;
				CLANG_WARN_COMMA = YES;
				CLANG_WARN_CONSTANT_CONVERSION = YES;
				CLANG_WARN_DEPRECATED_OBJC_IMPLEMENTATIONS = YES;
				CLANG_WARN_DIRECT_OBJC_ISA_USAGE = YES_ERROR;
				CLANG_WARN_DOCUMENTATION_COMMENTS = YES;
				CLANG_WARN_EMPTY_BODY = YES;
				CLANG_WARN_ENUM_CONVERSION = YES;
				CLANG_WARN_INFINITE_RECURSION = YES;
				CLANG_WARN_INT_CONVERSION = YES;
				CLANG_WARN_NON_LITERAL_NULL_CONVERSION = YES;
				CLANG_WARN_OBJC_IMPLICIT_RETAIN_SELF = YES;
				CLANG_WARN_OBJC_LITERAL_CONVERSION = YES;
				CLANG_WARN_OBJC_ROOT_CLASS = YES_ERROR;
				CLANG_WARN_QUOTED_INCLUDE_IN_FRAMEWORK_HEADER = YES;
				CLANG_WARN_RANGE_LOOP_ANALYSIS = YES;
				CLANG_WARN_STRICT_PROTOTYPES = YES;
				CLANG_WARN_SUSPICIOUS_MOVE = YES;
				CLANG_WARN_UNGUARDED_AVAILABILITY = YES_AGGRESSIVE;
				CLANG_WARN_UNREACHABLE_CODE = YES;
				CLANG_WARN__DUPLICATE_METHOD_MATCH = YES;
				COPY_PHASE_STRIP = NO;
				DEBUG_INFORMATION_FORMAT = "dwarf-with-dsym";
				ENABLE_NS_ASSERTIONS = NO;
				ENABLE_STRICT_OBJC_MSGSEND = YES;
				ENABLE_USER_SCRIPT_SANDBOXING = YES;
				GCC_C_LANGUAGE_STANDARD = gnu17;
				GCC_NO_COMMON_BLOCKS = YES;
				GCC_WARN_64_TO_32_BIT_CONVERSION = YES;
				GCC_WARN_ABOUT_RETURN_TYPE = YES_ERROR;
				GCC_WARN_UNDECLARED_SELECTOR = YES;
				GCC_WARN_UNINITIALIZED_AUTOS = YES_AGGRESSIVE;
				GCC_WARN_UNUSED_FUNCTION = YES;
				GCC_WARN_UNUSED_VARIABLE = YES;
				IPHONEOS_DEPLOYMENT_TARGET = 17.0;
				LOCALIZATION_PREFERS_STRING_CATALOGS = YES;
				MTL_ENABLE_DEBUG_INFO = NO;
				MTL_FAST_MATH = YES;
				SDKROOT = iphoneos;
				SWIFT_COMPILATION_MODE = wholemodule;
				VALIDATE_PRODUCT = YES;
			};
			name = Release;
		};
		7A721FE42AF6BACB00C35219 /* Debug */ = {
			isa = XCBuildConfiguration;
			buildSettings = {
				ASSETCATALOG_COMPILER_APPICON_NAME = AppIcon;
				ASSETCATALOG_COMPILER_GLOBAL_ACCENT_COLOR_NAME = AccentColor;
				CODE_SIGN_STYLE = Automatic;
				CURRENT_PROJECT_VERSION = 1;
				DEVELOPMENT_ASSET_PATHS = "\"AppleFrameworksApp/Preview Content\"";
				ENABLE_PREVIEWS = YES;
				GENERATE_INFOPLIST_FILE = YES;
				INFOPLIST_KEY_UIApplicationSceneManifest_Generation = YES;
				INFOPLIST_KEY_UIApplicationSupportsIndirectInputEvents = YES;
				INFOPLIST_KEY_UILaunchScreen_Generation = YES;
				INFOPLIST_KEY_UISupportedInterfaceOrientations_iPad = "UIInterfaceOrientationPortrait UIInterfaceOrientationPortraitUpsideDown UIInterfaceOrientationLandscapeLeft UIInterfaceOrientationLandscapeRight";
				INFOPLIST_KEY_UISupportedInterfaceOrientations_iPhone = "UIInterfaceOrientationPortrait UIInterfaceOrientationLandscapeLeft UIInterfaceOrientationLandscapeRight";
				LD_RUNPATH_SEARCH_PATHS = (
					"$(inherited)",
					"@executable_path/Frameworks",
				);
				MARKETING_VERSION = 1.0;
				PRODUCT_BUNDLE_IDENTIFIER = com.ercelserhat.AppleFrameworksApp;
				PRODUCT_NAME = "$(TARGET_NAME)";
				SWIFT_EMIT_LOC_STRINGS = YES;
				SWIFT_VERSION = 5.0;
				TARGETED_DEVICE_FAMILY = "1,2";
			};
			name = Debug;
		};
		7A721FE52AF6BACB00C35219 /* Release */ = {
			isa = XCBuildConfiguration;
			buildSettings = {
				ASSETCATALOG_COMPILER_APPICON_NAME = AppIcon;
				ASSETCATALOG_COMPILER_GLOBAL_ACCENT_COLOR_NAME = AccentColor;
				CODE_SIGN_STYLE = Automatic;
				CURRENT_PROJECT_VERSION = 1;
				DEVELOPMENT_ASSET_PATHS = "\"AppleFrameworksApp/Preview Content\"";
				ENABLE_PREVIEWS = YES;
				GENERATE_INFOPLIST_FILE = YES;
				INFOPLIST_KEY_UIApplicationSceneManifest_Generation = YES;
				INFOPLIST_KEY_UIApplicationSupportsIndirectInputEvents = YES;
				INFOPLIST_KEY_UILaunchScreen_Generation = YES;
				INFOPLIST_KEY_UISupportedInterfaceOrientations_iPad = "UIInterfaceOrientationPortrait UIInterfaceOrientationPortraitUpsideDown UIInterfaceOrientationLandscapeLeft UIInterfaceOrientationLandscapeRight";
				INFOPLIST_KEY_UISupportedInterfaceOrientations_iPhone = "UIInterfaceOrientationPortrait UIInterfaceOrientationLandscapeLeft UIInterfaceOrientationLandscapeRight";
				LD_RUNPATH_SEARCH_PATHS = (
					"$(inherited)",
					"@executable_path/Frameworks",
				);
				MARKETING_VERSION = 1.0;
				PRODUCT_BUNDLE_IDENTIFIER = com.ercelserhat.AppleFrameworksApp;
				PRODUCT_NAME = "$(TARGET_NAME)";
				SWIFT_EMIT_LOC_STRINGS = YES;
				SWIFT_VERSION = 5.0;
				TARGETED_DEVICE_FAMILY = "1,2";
			};
			name = Release;
		};
/* End XCBuildConfiguration section */

/* Begin XCConfigurationList section */
		7A721FD02AF6BACA00C35219 /* Build configuration list for PBXProject "AppleFrameworksApp" */ = {
			isa = XCConfigurationList;
			buildConfigurations = (
				7A721FE12AF6BACB00C35219 /* Debug */,
				7A721FE22AF6BACB00C35219 /* Release */,
			);
			defaultConfigurationIsVisible = 0;
			defaultConfigurationName = Release;
		};
		7A721FE32AF6BACB00C35219 /* Build configuration list for PBXNativeTarget "AppleFrameworksApp" */ = {
			isa = XCConfigurationList;
			buildConfigurations = (
				7A721FE42AF6BACB00C35219 /* Debug */,
				7A721FE52AF6BACB00C35219 /* Release */,
			);
			defaultConfigurationIsVisible = 0;
			defaultConfigurationName = Release;
		};
/* End XCConfigurationList section */
	};
	rootObject = 7A721FCD2AF6BACA00C35219 /* Project object */;
}
